// !$*UTF8*$!
{
	archiveVersion = 1;
	classes = {
	};
	objectVersion = 46;
	objects = {

/* Begin PBXBuildFile section */
		BCFC9048ACFA6EF208B8D975 /* Pods_Youbike.framework in Frameworks */ = {isa = PBXBuildFile; fileRef = 1C254AB59AB7E291E8A72648 /* Pods_Youbike.framework */; };
		F9962CA11D2B9CAE00D455FA /* YoubikeModel.m in Sources */ = {isa = PBXBuildFile; fileRef = F9962CA01D2B9CAE00D455FA /* YoubikeModel.m */; };
		F9962CA41D2BB23300D455FA /* YoubikeManager.m in Sources */ = {isa = PBXBuildFile; fileRef = F9962CA31D2BB23300D455FA /* YoubikeManager.m */; };
		F9E6CF001D2B4C0B00E8B2F1 /* main.m in Sources */ = {isa = PBXBuildFile; fileRef = F9E6CEFF1D2B4C0B00E8B2F1 /* main.m */; };
		F9E6CF031D2B4C0B00E8B2F1 /* AppDelegate.m in Sources */ = {isa = PBXBuildFile; fileRef = F9E6CF021D2B4C0B00E8B2F1 /* AppDelegate.m */; };
		F9E6CF0B1D2B4C0B00E8B2F1 /* Assets.xcassets in Resources */ = {isa = PBXBuildFile; fileRef = F9E6CF0A1D2B4C0B00E8B2F1 /* Assets.xcassets */; };
		F9E6CF0E1D2B4C0B00E8B2F1 /* LaunchScreen.storyboard in Resources */ = {isa = PBXBuildFile; fileRef = F9E6CF0C1D2B4C0B00E8B2F1 /* LaunchScreen.storyboard */; };
		F9E6CF201D2B5D5A00E8B2F1 /* YoubikeTableViewController.m in Sources */ = {isa = PBXBuildFile; fileRef = F9E6CF1F1D2B5D5A00E8B2F1 /* YoubikeTableViewController.m */; };
		F9E6CF231D2B5E8600E8B2F1 /* Main.storyboard in Resources */ = {isa = PBXBuildFile; fileRef = F9E6CF221D2B5E8600E8B2F1 /* Main.storyboard */; };
		F9E6CF251D2B5E9D00E8B2F1 /* YoubikeDataTableViewCell.xib in Resources */ = {isa = PBXBuildFile; fileRef = F9E6CF241D2B5E9D00E8B2F1 /* YoubikeDataTableViewCell.xib */; };
		F9E6CF281D2B7CBA00E8B2F1 /* youbike.json in Resources */ = {isa = PBXBuildFile; fileRef = F9E6CF271D2B7CBA00E8B2F1 /* youbike.json */; };
/* End PBXBuildFile section */

/* Begin PBXFileReference section */
		1C254AB59AB7E291E8A72648 /* Pods_Youbike.framework */ = {isa = PBXFileReference; explicitFileType = wrapper.framework; includeInIndex = 0; path = Pods_Youbike.framework; sourceTree = BUILT_PRODUCTS_DIR; };
		467DDD6CBB84D9D1EDBD0DD5 /* Pods-Youbike.release.xcconfig */ = {isa = PBXFileReference; includeInIndex = 1; lastKnownFileType = text.xcconfig; name = "Pods-Youbike.release.xcconfig"; path = "Pods/Target Support Files/Pods-Youbike/Pods-Youbike.release.xcconfig"; sourceTree = "<group>"; };
		A3DB02309A797D3BD83EAD98 /* Pods-Youbike.debug.xcconfig */ = {isa = PBXFileReference; includeInIndex = 1; lastKnownFileType = text.xcconfig; name = "Pods-Youbike.debug.xcconfig"; path = "Pods/Target Support Files/Pods-Youbike/Pods-Youbike.debug.xcconfig"; sourceTree = "<group>"; };
		F9962C9F1D2B9CAE00D455FA /* YoubikeModel.h */ = {isa = PBXFileReference; fileEncoding = 4; lastKnownFileType = sourcecode.c.h; path = YoubikeModel.h; sourceTree = "<group>"; };
		F9962CA01D2B9CAE00D455FA /* YoubikeModel.m */ = {isa = PBXFileReference; fileEncoding = 4; lastKnownFileType = sourcecode.c.objc; path = YoubikeModel.m; sourceTree = "<group>"; };
		F9962CA21D2BB23300D455FA /* YoubikeManager.h */ = {isa = PBXFileReference; fileEncoding = 4; lastKnownFileType = sourcecode.c.h; path = YoubikeManager.h; sourceTree = "<group>"; };
		F9962CA31D2BB23300D455FA /* YoubikeManager.m */ = {isa = PBXFileReference; fileEncoding = 4; lastKnownFileType = sourcecode.c.objc; path = YoubikeManager.m; sourceTree = "<group>"; };
		F9E6CEFB1D2B4C0B00E8B2F1 /* Youbike.app */ = {isa = PBXFileReference; explicitFileType = wrapper.application; includeInIndex = 0; path = Youbike.app; sourceTree = BUILT_PRODUCTS_DIR; };
		F9E6CEFF1D2B4C0B00E8B2F1 /* main.m */ = {isa = PBXFileReference; lastKnownFileType = sourcecode.c.objc; path = main.m; sourceTree = "<group>"; };
		F9E6CF011D2B4C0B00E8B2F1 /* AppDelegate.h */ = {isa = PBXFileReference; lastKnownFileType = sourcecode.c.h; path = AppDelegate.h; sourceTree = "<group>"; };
		F9E6CF021D2B4C0B00E8B2F1 /* AppDelegate.m */ = {isa = PBXFileReference; lastKnownFileType = sourcecode.c.objc; path = AppDelegate.m; sourceTree = "<group>"; };
		F9E6CF0A1D2B4C0B00E8B2F1 /* Assets.xcassets */ = {isa = PBXFileReference; lastKnownFileType = folder.assetcatalog; path = Assets.xcassets; sourceTree = "<group>"; };
		F9E6CF0D1D2B4C0B00E8B2F1 /* Base */ = {isa = PBXFileReference; lastKnownFileType = file.storyboard; name = Base; path = Base.lproj/LaunchScreen.storyboard; sourceTree = "<group>"; };
		F9E6CF0F1D2B4C0B00E8B2F1 /* Info.plist */ = {isa = PBXFileReference; lastKnownFileType = text.plist.xml; path = Info.plist; sourceTree = "<group>"; };
		F9E6CF1E1D2B5D5A00E8B2F1 /* YoubikeTableViewController.h */ = {isa = PBXFileReference; fileEncoding = 4; lastKnownFileType = sourcecode.c.h; path = YoubikeTableViewController.h; sourceTree = SOURCE_ROOT; };
		F9E6CF1F1D2B5D5A00E8B2F1 /* YoubikeTableViewController.m */ = {isa = PBXFileReference; fileEncoding = 4; lastKnownFileType = sourcecode.c.objc; path = YoubikeTableViewController.m; sourceTree = SOURCE_ROOT; };
		F9E6CF221D2B5E8600E8B2F1 /* Main.storyboard */ = {isa = PBXFileReference; fileEncoding = 4; lastKnownFileType = file.storyboard; path = Main.storyboard; sourceTree = "<group>"; };
		F9E6CF241D2B5E9D00E8B2F1 /* YoubikeDataTableViewCell.xib */ = {isa = PBXFileReference; fileEncoding = 4; lastKnownFileType = file.xib; path = YoubikeDataTableViewCell.xib; sourceTree = "<group>"; };
		F9E6CF271D2B7CBA00E8B2F1 /* youbike.json */ = {isa = PBXFileReference; fileEncoding = 4; lastKnownFileType = text.json; path = youbike.json; sourceTree = "<group>"; };
/* End PBXFileReference section */

/* Begin PBXFrameworksBuildPhase section */
		F9E6CEF81D2B4C0B00E8B2F1 /* Frameworks */ = {
			isa = PBXFrameworksBuildPhase;
			buildActionMask = 2147483647;
			files = (
				BCFC9048ACFA6EF208B8D975 /* Pods_Youbike.framework in Frameworks */,
			);
			runOnlyForDeploymentPostprocessing = 0;
		};
/* End PBXFrameworksBuildPhase section */

/* Begin PBXGroup section */
		4EDB03331415DA6C6DF5CF56 /* Frameworks */ = {
			isa = PBXGroup;
			children = (
				1C254AB59AB7E291E8A72648 /* Pods_Youbike.framework */,
			);
			name = Frameworks;
			sourceTree = "<group>";
		};
		BDAB3BDB140ADCD5A24E68C9 /* Pods */ = {
			isa = PBXGroup;
			children = (
				A3DB02309A797D3BD83EAD98 /* Pods-Youbike.debug.xcconfig */,
				467DDD6CBB84D9D1EDBD0DD5 /* Pods-Youbike.release.xcconfig */,
			);
			name = Pods;
			sourceTree = "<group>";
		};
		F9E6CEF21D2B4C0B00E8B2F1 = {
			isa = PBXGroup;
			children = (
				F9E6CEFD1D2B4C0B00E8B2F1 /* Youbike */,
				F9E6CEFC1D2B4C0B00E8B2F1 /* Products */,
				BDAB3BDB140ADCD5A24E68C9 /* Pods */,
				4EDB03331415DA6C6DF5CF56 /* Frameworks */,
			);
			sourceTree = "<group>";
		};
		F9E6CEFC1D2B4C0B00E8B2F1 /* Products */ = {
			isa = PBXGroup;
			children = (
				F9E6CEFB1D2B4C0B00E8B2F1 /* Youbike.app */,
			);
			name = Products;
			sourceTree = "<group>";
		};
		F9E6CEFD1D2B4C0B00E8B2F1 /* Youbike */ = {
			isa = PBXGroup;
			children = (
				F9E6CF291D2B974E00E8B2F1 /* Youbike */,
				F9E6CF261D2B5FC600E8B2F1 /* Utilities */,
				F9E6CF211D2B5E6600E8B2F1 /* View */,
				F9E6CF1E1D2B5D5A00E8B2F1 /* YoubikeTableViewController.h */,
				F9E6CF1F1D2B5D5A00E8B2F1 /* YoubikeTableViewController.m */,
				F9E6CEFE1D2B4C0B00E8B2F1 /* Supporting Files */,
			);
			path = Youbike;
			sourceTree = "<group>";
		};
		F9E6CEFE1D2B4C0B00E8B2F1 /* Supporting Files */ = {
			isa = PBXGroup;
			children = (
				F9E6CF0F1D2B4C0B00E8B2F1 /* Info.plist */,
				F9E6CF0A1D2B4C0B00E8B2F1 /* Assets.xcassets */,
				F9E6CF0C1D2B4C0B00E8B2F1 /* LaunchScreen.storyboard */,
				F9E6CF271D2B7CBA00E8B2F1 /* youbike.json */,
				F9E6CEFF1D2B4C0B00E8B2F1 /* main.m */,
			);
			name = "Supporting Files";
			sourceTree = "<group>";
		};
		F9E6CF211D2B5E6600E8B2F1 /* View */ = {
			isa = PBXGroup;
			children = (
				F9E6CF221D2B5E8600E8B2F1 /* Main.storyboard */,
				F9E6CF241D2B5E9D00E8B2F1 /* YoubikeDataTableViewCell.xib */,
			);
			name = View;
			sourceTree = "<group>";
		};
		F9E6CF261D2B5FC600E8B2F1 /* Utilities */ = {
			isa = PBXGroup;
			children = (
				F9E6CF011D2B4C0B00E8B2F1 /* AppDelegate.h */,
				F9E6CF021D2B4C0B00E8B2F1 /* AppDelegate.m */,
			);
			name = Utilities;
			sourceTree = "<group>";
		};
		F9E6CF291D2B974E00E8B2F1 /* Youbike */ = {
			isa = PBXGroup;
			children = (
				F9962C9F1D2B9CAE00D455FA /* YoubikeModel.h */,
				F9962CA01D2B9CAE00D455FA /* YoubikeModel.m */,
				F9962CA21D2BB23300D455FA /* YoubikeManager.h */,
				F9962CA31D2BB23300D455FA /* YoubikeManager.m */,
			);
			name = Youbike;
			sourceTree = "<group>";
		};
/* End PBXGroup section */

/* Begin PBXNativeTarget section */
		F9E6CEFA1D2B4C0B00E8B2F1 /* Youbike */ = {
			isa = PBXNativeTarget;
			buildConfigurationList = F9E6CF121D2B4C0B00E8B2F1 /* Build configuration list for PBXNativeTarget "Youbike" */;
			buildPhases = (
				51541B26557988904B52CC11 /* 📦 Check Pods Manifest.lock */,
				F9E6CEF71D2B4C0B00E8B2F1 /* Sources */,
				F9E6CEF81D2B4C0B00E8B2F1 /* Frameworks */,
				F9E6CEF91D2B4C0B00E8B2F1 /* Resources */,
				6168F97372166880F4A1FFA5 /* 📦 Embed Pods Frameworks */,
				A4D09EC66731659F6EFD2035 /* 📦 Copy Pods Resources */,
			);
			buildRules = (
			);
			dependencies = (
			);
			name = Youbike;
			productName = Youbike;
			productReference = F9E6CEFB1D2B4C0B00E8B2F1 /* Youbike.app */;
			productType = "com.apple.product-type.application";
		};
/* End PBXNativeTarget section */

/* Begin PBXProject section */
		F9E6CEF31D2B4C0B00E8B2F1 /* Project object */ = {
			isa = PBXProject;
			attributes = {
				LastUpgradeCheck = 0730;
				ORGANIZATIONNAME = "AppWorks School WuDuhRen";
				TargetAttributes = {
					F9E6CEFA1D2B4C0B00E8B2F1 = {
						CreatedOnToolsVersion = 7.3.1;
					};
				};
			};
			buildConfigurationList = F9E6CEF61D2B4C0B00E8B2F1 /* Build configuration list for PBXProject "Youbike" */;
			compatibilityVersion = "Xcode 3.2";
			developmentRegion = English;
			hasScannedForEncodings = 0;
			knownRegions = (
				en,
				Base,
			);
			mainGroup = F9E6CEF21D2B4C0B00E8B2F1;
			productRefGroup = F9E6CEFC1D2B4C0B00E8B2F1 /* Products */;
			projectDirPath = "";
			projectRoot = "";
			targets = (
				F9E6CEFA1D2B4C0B00E8B2F1 /* Youbike */,
			);
		};
/* End PBXProject section */

/* Begin PBXResourcesBuildPhase section */
		F9E6CEF91D2B4C0B00E8B2F1 /* Resources */ = {
			isa = PBXResourcesBuildPhase;
			buildActionMask = 2147483647;
			files = (
				F9E6CF0E1D2B4C0B00E8B2F1 /* LaunchScreen.storyboard in Resources */,
				F9E6CF0B1D2B4C0B00E8B2F1 /* Assets.xcassets in Resources */,
				F9E6CF281D2B7CBA00E8B2F1 /* youbike.json in Resources */,
				F9E6CF231D2B5E8600E8B2F1 /* Main.storyboard in Resources */,
				F9E6CF251D2B5E9D00E8B2F1 /* YoubikeDataTableViewCell.xib in Resources */,
			);
			runOnlyForDeploymentPostprocessing = 0;
		};
/* End PBXResourcesBuildPhase section */

/* Begin PBXShellScriptBuildPhase section */
		51541B26557988904B52CC11 /* 📦 Check Pods Manifest.lock */ = {
			isa = PBXShellScriptBuildPhase;
			buildActionMask = 2147483647;
			files = (
			);
			inputPaths = (
			);
			name = "📦 Check Pods Manifest.lock";
			outputPaths = (
			);
			runOnlyForDeploymentPostprocessing = 0;
			shellPath = /bin/sh;
			shellScript = "diff \"${PODS_ROOT}/../Podfile.lock\" \"${PODS_ROOT}/Manifest.lock\" > /dev/null\nif [[ $? != 0 ]] ; then\n    cat << EOM\nerror: The sandbox is not in sync with the Podfile.lock. Run 'pod install' or update your CocoaPods installation.\nEOM\n    exit 1\nfi\n";
			showEnvVarsInLog = 0;
		};
		6168F97372166880F4A1FFA5 /* 📦 Embed Pods Frameworks */ = {
			isa = PBXShellScriptBuildPhase;
			buildActionMask = 2147483647;
			files = (
			);
			inputPaths = (
			);
			name = "📦 Embed Pods Frameworks";
			outputPaths = (
			);
			runOnlyForDeploymentPostprocessing = 0;
			shellPath = /bin/sh;
			shellScript = "\"${SRCROOT}/Pods/Target Support Files/Pods-Youbike/Pods-Youbike-frameworks.sh\"\n";
			showEnvVarsInLog = 0;
		};
		A4D09EC66731659F6EFD2035 /* 📦 Copy Pods Resources */ = {
			isa = PBXShellScriptBuildPhase;
			buildActionMask = 2147483647;
			files = (
			);
			inputPaths = (
			);
			name = "📦 Copy Pods Resources";
			outputPaths = (
			);
			runOnlyForDeploymentPostprocessing = 0;
			shellPath = /bin/sh;
			shellScript = "\"${SRCROOT}/Pods/Target Support Files/Pods-Youbike/Pods-Youbike-resources.sh\"\n";
			showEnvVarsInLog = 0;
		};
/* End PBXShellScriptBuildPhase section */

/* Begin PBXSourcesBuildPhase section */
		F9E6CEF71D2B4C0B00E8B2F1 /* Sources */ = {
			isa = PBXSourcesBuildPhase;
			buildActionMask = 2147483647;
			files = (
				F9E6CF031D2B4C0B00E8B2F1 /* AppDelegate.m in Sources */,
				F9E6CF201D2B5D5A00E8B2F1 /* YoubikeTableViewController.m in Sources */,
				F9962CA11D2B9CAE00D455FA /* YoubikeModel.m in Sources */,
				F9962CA41D2BB23300D455FA /* YoubikeManager.m in Sources */,
				F9E6CF001D2B4C0B00E8B2F1 /* main.m in Sources */,
			);
			runOnlyForDeploymentPostprocessing = 0;
		};
/* End PBXSourcesBuildPhase section */

/* Begin PBXVariantGroup section */
		F9E6CF0C1D2B4C0B00E8B2F1 /* LaunchScreen.storyboard */ = {
			isa = PBXVariantGroup;
			children = (
				F9E6CF0D1D2B4C0B00E8B2F1 /* Base */,
			);
			name = LaunchScreen.storyboard;
			sourceTree = "<group>";
		};
/* End PBXVariantGroup section */

/* Begin XCBuildConfiguration section */
		F9E6CF101D2B4C0B00E8B2F1 /* Debug */ = {
			isa = XCBuildConfiguration;
			buildSettings = {
				ALWAYS_SEARCH_USER_PATHS = NO;
				CLANG_ANALYZER_NONNULL = YES;
				CLANG_CXX_LANGUAGE_STANDARD = "gnu++0x";
				CLANG_CXX_LIBRARY = "libc++";
				CLANG_ENABLE_MODULES = YES;
				CLANG_ENABLE_OBJC_ARC = YES;
				CLANG_WARN_BOOL_CONVERSION = YES;
				CLANG_WARN_CONSTANT_CONVERSION = YES;
				CLANG_WARN_DIRECT_OBJC_ISA_USAGE = YES_ERROR;
				CLANG_WARN_EMPTY_BODY = YES;
				CLANG_WARN_ENUM_CONVERSION = YES;
				CLANG_WARN_INT_CONVERSION = YES;
				CLANG_WARN_OBJC_ROOT_CLASS = YES_ERROR;
				CLANG_WARN_UNREACHABLE_CODE = YES;
				CLANG_WARN__DUPLICATE_METHOD_MATCH = YES;
				"CODE_SIGN_IDENTITY[sdk=iphoneos*]" = "iPhone Developer";
				COPY_PHASE_STRIP = NO;
				DEBUG_INFORMATION_FORMAT = dwarf;
				ENABLE_STRICT_OBJC_MSGSEND = YES;
				ENABLE_TESTABILITY = YES;
				GCC_C_LANGUAGE_STANDARD = gnu99;
				GCC_DYNAMIC_NO_PIC = NO;
				GCC_NO_COMMON_BLOCKS = YES;
				GCC_OPTIMIZATION_LEVEL = 0;
				GCC_PREPROCESSOR_DEFINITIONS = (
					"DEBUG=1",
					"$(inherited)",
				);
				GCC_WARN_64_TO_32_BIT_CONVERSION = YES;
				GCC_WARN_ABOUT_RETURN_TYPE = YES_ERROR;
				GCC_WARN_UNDECLARED_SELECTOR = YES;
				GCC_WARN_UNINITIALIZED_AUTOS = YES_AGGRESSIVE;
				GCC_WARN_UNUSED_FUNCTION = YES;
				GCC_WARN_UNUSED_VARIABLE = YES;
				IPHONEOS_DEPLOYMENT_TARGET = 9.3;
				MTL_ENABLE_DEBUG_INFO = YES;
				ONLY_ACTIVE_ARCH = YES;
				SDKROOT = iphoneos;
			};
			name = Debug;
		};
		F9E6CF111D2B4C0B00E8B2F1 /* Release */ = {
			isa = XCBuildConfiguration;
			buildSettings = {
				ALWAYS_SEARCH_USER_PATHS = NO;
				CLANG_ANALYZER_NONNULL = YES;
				CLANG_CXX_LANGUAGE_STANDARD = "gnu++0x";
				CLANG_CXX_LIBRARY = "libc++";
				CLANG_ENABLE_MODULES = YES;
				CLANG_ENABLE_OBJC_ARC = YES;
				CLANG_WARN_BOOL_CONVERSION = YES;
				CLANG_WARN_CONSTANT_CONVERSION = YES;
				CLANG_WARN_DIRECT_OBJC_ISA_USAGE = YES_ERROR;
				CLANG_WARN_EMPTY_BODY = YES;
				CLANG_WARN_ENUM_CONVERSION = YES;
				CLANG_WARN_INT_CONVERSION = YES;
				CLANG_WARN_OBJC_ROOT_CLASS = YES_ERROR;
				CLANG_WARN_UNREACHABLE_CODE = YES;
				CLANG_WARN__DUPLICATE_METHOD_MATCH = YES;
				"CODE_SIGN_IDENTITY[sdk=iphoneos*]" = "iPhone Developer";
				COPY_PHASE_STRIP = NO;
				DEBUG_INFORMATION_FORMAT = "dwarf-with-dsym";
				ENABLE_NS_ASSERTIONS = NO;
				ENABLE_STRICT_OBJC_MSGSEND = YES;
				GCC_C_LANGUAGE_STANDARD = gnu99;
				GCC_NO_COMMON_BLOCKS = YES;
				GCC_WARN_64_TO_32_BIT_CONVERSION = YES;
				GCC_WARN_ABOUT_RETURN_TYPE = YES_ERROR;
				GCC_WARN_UNDECLARED_SELECTOR = YES;
				GCC_WARN_UNINITIALIZED_AUTOS = YES_AGGRESSIVE;
				GCC_WARN_UNUSED_FUNCTION = YES;
				GCC_WARN_UNUSED_VARIABLE = YES;
				IPHONEOS_DEPLOYMENT_TARGET = 9.3;
				MTL_ENABLE_DEBUG_INFO = NO;
				SDKROOT = iphoneos;
				VALIDATE_PRODUCT = YES;
			};
			name = Release;
		};
		F9E6CF131D2B4C0B00E8B2F1 /* Debug */ = {
			isa = XCBuildConfiguration;
			baseConfigurationReference = A3DB02309A797D3BD83EAD98 /* Pods-Youbike.debug.xcconfig */;
			buildSettings = {
				ASSETCATALOG_COMPILER_APPICON_NAME = AppIcon;
				INFOPLIST_FILE = Youbike/Info.plist;
				IPHONEOS_DEPLOYMENT_TARGET = 8.3;
				LD_RUNPATH_SEARCH_PATHS = "$(inherited) @executable_path/Frameworks";
				PRODUCT_BUNDLE_IDENTIFIER = "com.appworks-school-WuDuhRen.Youbike";
				PRODUCT_NAME = "$(TARGET_NAME)";
			};
			name = Debug;
		};
		F9E6CF141D2B4C0B00E8B2F1 /* Release */ = {
			isa = XCBuildConfiguration;
			baseConfigurationReference = 467DDD6CBB84D9D1EDBD0DD5 /* Pods-Youbike.release.xcconfig */;
			buildSettings = {
				ASSETCATALOG_COMPILER_APPICON_NAME = AppIcon;
				INFOPLIST_FILE = Youbike/Info.plist;
				IPHONEOS_DEPLOYMENT_TARGET = 8.3;
				LD_RUNPATH_SEARCH_PATHS = "$(inherited) @executable_path/Frameworks";
				PRODUCT_BUNDLE_IDENTIFIER = "com.appworks-school-WuDuhRen.Youbike";
				PRODUCT_NAME = "$(TARGET_NAME)";
			};
			name = Release;
		};
/* End XCBuildConfiguration section */

/* Begin XCConfigurationList section */
		F9E6CEF61D2B4C0B00E8B2F1 /* Build configuration list for PBXProject "Youbike" */ = {
			isa = XCConfigurationList;
			buildConfigurations = (
				F9E6CF101D2B4C0B00E8B2F1 /* Debug */,
				F9E6CF111D2B4C0B00E8B2F1 /* Release */,
			);
			defaultConfigurationIsVisible = 0;
			defaultConfigurationName = Release;
		};
		F9E6CF121D2B4C0B00E8B2F1 /* Build configuration list for PBXNativeTarget "Youbike" */ = {
			isa = XCConfigurationList;
			buildConfigurations = (
				F9E6CF131D2B4C0B00E8B2F1 /* Debug */,
				F9E6CF141D2B4C0B00E8B2F1 /* Release */,
			);
			defaultConfigurationIsVisible = 0;
			defaultConfigurationName = Release;
		};
/* End XCConfigurationList section */
	};
	rootObject = F9E6CEF31D2B4C0B00E8B2F1 /* Project object */;
}
